%{
  "bandit": {:hex, :bandit, "1.0.0-pre.9", "989b1790ecffe688d1a334b2d7fcc18fe1da7e142291dbe9b748908701d0cb04", [:mix], [{:hpax, "~> 0.1.1", [hex: :hpax, repo: "hexpm", optional: false]}, {:plug, "~> 1.14", [hex: :plug, repo: "hexpm", optional: false]}, {:telemetry, "~> 0.4 or ~> 1.0", [hex: :telemetry, repo: "hexpm", optional: false]}, {:thousand_island, "~> 1.0-pre.5", [hex: :thousand_island, repo: "hexpm", optional: false]}, {:websock, "~> 0.5", [hex: :websock, repo: "hexpm", optional: false]}], "hexpm", "0ce876ab3991167365baf430df803d18ee69ebd74dec44b58954c574db0515ba"},
  "cowboy": {:hex, :cowboy, "2.10.0", "ff9ffeff91dae4ae270dd975642997afe2a1179d94b1887863e43f681a203e26", [:make, :rebar3], [{:cowlib, "2.12.1", [hex: :cowlib, repo: "hexpm", optional: false]}, {:ranch, "1.8.0", [hex: :ranch, repo: "hexpm", optional: false]}], "hexpm", "3afdccb7183cc6f143cb14d3cf51fa00e53db9ec80cdcd525482f5e99bc41d6b"},
  "cowlib": {:hex, :cowlib, "2.12.1", "a9fa9a625f1d2025fe6b462cb865881329b5caff8f1854d1cbc9f9533f00e1e1", [:make, :rebar3], [], "hexpm", "163b73f6367a7341b33c794c4e88e7dbfe6498ac42dcd69ef44c5bc5507c8db0"},
  "ephp": {:hex, :ephp, "0.3.1", "002f8bb12728364d4d37ccfabda0b7181694837dd618fe8702d0cb6a17ca31e6", [:rebar3], [{:ezic, "0.2.3", [hex: :ezic, repo: "hexpm", optional: false]}, {:getopt, "1.0.1", [hex: :getopt, repo: "hexpm", optional: false]}, {:recon, "2.3.2", [hex: :recon, repo: "hexpm", optional: false]}, {:unistring, "0.1.0", [hex: :unistring, repo: "hexpm", optional: false]}, {:zucchini, "0.1.0", [hex: :zucchini, repo: "hexpm", optional: false]}], "hexpm", "c7f4495124e15b2a78952e61150be23d253dddc6d96a8082ac4b499d957964d6"},
  "ezic": {:hex, :ezic, "0.2.3", "704fdde8e4c7e428865927f1db54b4db7c7d55cc96ceb079440aca5bd5cdf185", [:rebar3], [], "hexpm", "8eb0f563f5c2fc22520949dfcb54e639035b30704085c6b5b8212c3d4d8850b9"},
  "getopt": {:hex, :getopt, "1.0.1", "c73a9fa687b217f2ff79f68a3b637711bb1936e712b521d8ce466b29cbf7808a", [:rebar3], [], "hexpm", "53e1ab83b9ceb65c9672d3e7a35b8092e9bdc9b3ee80721471a161c10c59959c"},
  "hpax": {:hex, :hpax, "0.1.2", "09a75600d9d8bbd064cdd741f21fc06fc1f4cf3d0fcc335e5aa19be1a7235c84", [:mix], [], "hexpm", "2c87843d5a23f5f16748ebe77969880e29809580efdaccd615cd3bed628a8c13"},
  "mime": {:hex, :mime, "2.0.5", "dc34c8efd439abe6ae0343edbb8556f4d63f178594894720607772a041b04b02", [:mix], [], "hexpm", "da0d64a365c45bc9935cc5c8a7fc5e49a0e0f9932a761c55d6c52b142780a05c"},
  "plug": {:hex, :plug, "1.14.2", "cff7d4ec45b4ae176a227acd94a7ab536d9b37b942c8e8fa6dfc0fff98ff4d80", [:mix], [{:mime, "~> 1.0 or ~> 2.0", [hex: :mime, repo: "hexpm", optional: false]}, {:plug_crypto, "~> 1.1.1 or ~> 1.2", [hex: :plug_crypto, repo: "hexpm", optional: false]}, {:telemetry, "~> 0.4.3 or ~> 1.0", [hex: :telemetry, repo: "hexpm", optional: false]}], "hexpm", "842fc50187e13cf4ac3b253d47d9474ed6c296a8732752835ce4a86acdf68d13"},
  "plug_crypto": {:hex, :plug_crypto, "1.2.5", "918772575e48e81e455818229bf719d4ab4181fcbf7f85b68a35620f78d89ced", [:mix], [], "hexpm", "26549a1d6345e2172eb1c233866756ae44a9609bd33ee6f99147ab3fd87fd842"},
  "ranch": {:hex, :ranch, "1.8.0", "8c7a100a139fd57f17327b6413e4167ac559fbc04ca7448e9be9057311597a1d", [:make, :rebar3], [], "hexpm", "49fbcfd3682fab1f5d109351b61257676da1a2fdbe295904176d5e521a2ddfe5"},
  "recon": {:hex, :recon, "2.3.2", "4444c879be323b1b133eec5241cb84bd3821ea194c740d75617e106be4744318", [:rebar3], [], "hexpm", "a6fcfbdabe1aef9119b871304846b1ce282d9a4124bcddafc7616c1a256c7596"},
  "telemetry": {:hex, :telemetry, "1.2.1", "68fdfe8d8f05a8428483a97d7aab2f268aaff24b49e0f599faa091f1d4e7f61c", [:rebar3], [], "hexpm", "dad9ce9d8effc621708f99eac538ef1cbe05d6a874dd741de2e689c47feafed5"},
  "thousand_island": {:hex, :thousand_island, "1.0.0-pre.5", "ec2abd01ff4beae6d6aa274009087650e6980c2bf0b3f2459c28cdcb22b4de42", [:mix], [{:telemetry, "~> 0.4 or ~> 1.0", [hex: :telemetry, repo: "hexpm", optional: false]}], "hexpm", "00e69ec8e5917576cda15770aa16bf4c9fc1431fdd6f5f30273309f2f7305225"},
  "unistring": {:hex, :unistring, "0.1.0", "f1d07520c0a92bdf9a1d46f4a45ba424f27fa2d081f7c0aba1f665c16a26b6c8", [:rebar3], [], "hexpm", "7dd7ffc8b2cbcb98a27bd6eebb40f0328ee273f64e8b804c3bdf3d0f3dc41d76"},
  "websock": {:hex, :websock, "0.5.2", "b3c08511d8d79ed2c2f589ff430bd1fe799bb389686dafce86d28801783d8351", [:mix], [], "hexpm", "925f5de22fca6813dfa980fb62fd542ec43a2d1a1f83d2caec907483fe66ff05"},
  "zucchini": {:hex, :zucchini, "0.1.0", "93f8508fdef86395bb071bd582e4d844bb012f2af3e986c4e49804e90e2b2b9f", [:rebar3], [], "hexpm", "a5f239aef6f2b80927ed825b20c843f0a1b9e83cefc29d2d2960a2c7c56f5bcd"},
}
